// !$*UTF8*$!
{
	archiveVersion = 1;
	classes = {
	};
	objectVersion = 48;
	objects = {

/* Begin PBXBuildFile section */
		B3BA62971FAD1B6D0072EBE3 /* sfrobu.c in Sources */ = {isa = PBXBuildFile; fileRef = B3BA62951FAD1B6C0072EBE3 /* sfrobu.c */; };
		B3BA62981FAD1B6D0072EBE3 /* sfrob.c in Sources */ = {isa = PBXBuildFile; fileRef = B3BA62961FAD1B6D0072EBE3 /* sfrob.c */; };
		B3BA629D1FAD1C430072EBE3 /* tr2b.c in Sources */ = {isa = PBXBuildFile; fileRef = B3BA629B1FAD1C430072EBE3 /* tr2b.c */; };
		B3BA629E1FAD1C430072EBE3 /* tr2u.c in Sources */ = {isa = PBXBuildFile; fileRef = B3BA629C1FAD1C430072EBE3 /* tr2u.c */; };
		B3BA62A01FAD2B870072EBE3 /* read.c in Sources */ = {isa = PBXBuildFile; fileRef = B3BA629F1FAD2B870072EBE3 /* read.c */; };
/* End PBXBuildFile section */

/* Begin PBXCopyFilesBuildPhase section */
		B3BA62891FAD1B510072EBE3 /* CopyFiles */ = {
			isa = PBXCopyFilesBuildPhase;
			buildActionMask = 2147483647;
			dstPath = /usr/share/man/man1/;
			dstSubfolderSpec = 0;
			files = (
			);
			runOnlyForDeploymentPostprocessing = 1;
		};
/* End PBXCopyFilesBuildPhase section */

/* Begin PBXFileReference section */
		B3BA628B1FAD1B510072EBE3 /* A5 */ = {isa = PBXFileReference; explicitFileType = "compiled.mach-o.executable"; includeInIndex = 0; path = A5; sourceTree = BUILT_PRODUCTS_DIR; };
		B3BA62951FAD1B6C0072EBE3 /* sfrobu.c */ = {isa = PBXFileReference; fileEncoding = 4; lastKnownFileType = sourcecode.c.c; name = sfrobu.c; path = ../../sfrobu.c; sourceTree = "<group>"; };
		B3BA62961FAD1B6D0072EBE3 /* sfrob.c */ = {isa = PBXFileReference; fileEncoding = 4; lastKnownFileType = sourcecode.c.c; name = sfrob.c; path = ../../sfrob.c; sourceTree = "<group>"; };
		B3BA629B1FAD1C430072EBE3 /* tr2b.c */ = {isa = PBXFileReference; fileEncoding = 4; lastKnownFileType = sourcecode.c.c; name = tr2b.c; path = ../../tr2b.c; sourceTree = "<group>"; };
		B3BA629C1FAD1C430072EBE3 /* tr2u.c */ = {isa = PBXFileReference; fileEncoding = 4; lastKnownFileType = sourcecode.c.c; name = tr2u.c; path = ../../tr2u.c; sourceTree = "<group>"; };
		B3BA629F1FAD2B870072EBE3 /* read.c */ = {isa = PBXFileReference; lastKnownFileType = sourcecode.c.c; path = read.c; sourceTree = "<group>"; };
/* End PBXFileReference section */

/* Begin PBXFrameworksBuildPhase section */
		B3BA62881FAD1B510072EBE3 /* Frameworks */ = {
			isa = PBXFrameworksBuildPhase;
			buildActionMask = 2147483647;
			files = (
			);
			runOnlyForDeploymentPostprocessing = 0;
		};
/* End PBXFrameworksBuildPhase section */

/* Begin PBXGroup section */
		B3BA62821FAD1B510072EBE3 = {
			isa = PBXGroup;
			children = (
				B3BA628D1FAD1B510072EBE3 /* A5 */,
				B3BA628C1FAD1B510072EBE3 /* Products */,
			);
			sourceTree = "<group>";
		};
		B3BA628C1FAD1B510072EBE3 /* Products */ = {
			isa = PBXGroup;
			children = (
				B3BA628B1FAD1B510072EBE3 /* A5 */,
			);
			name = Products;
			sourceTree = "<group>";
		};
		B3BA628D1FAD1B510072EBE3 /* A5 */ = {
			isa = PBXGroup;
			children = (
				B3BA629B1FAD1C430072EBE3 /* tr2b.c */,
				B3BA629C1FAD1C430072EBE3 /* tr2u.c */,
				B3BA62961FAD1B6D0072EBE3 /* sfrob.c */,
				B3BA62951FAD1B6C0072EBE3 /* sfrobu.c */,
				B3BA629F1FAD2B870072EBE3 /* read.c */,
			);
			path = A5;
			sourceTree = "<group>";
		};
/* End PBXGroup section */

/* Begin PBXNativeTarget section */
		B3BA628A1FAD1B510072EBE3 /* A5 */ = {
			isa = PBXNativeTarget;
			buildConfigurationList = B3BA62921FAD1B510072EBE3 /* Build configuration list for PBXNativeTarget "A5" */;
			buildPhases = (
				B3BA62871FAD1B510072EBE3 /* Sources */,
				B3BA62881FAD1B510072EBE3 /* Frameworks */,
				B3BA62891FAD1B510072EBE3 /* CopyFiles */,
			);
			buildRules = (
			);
			dependencies = (
			);
			name = A5;
			productName = A5;
			productReference = B3BA628B1FAD1B510072EBE3 /* A5 */;
			productType = "com.apple.product-type.tool";
		};
/* End PBXNativeTarget section */

/* Begin PBXProject section */
		B3BA62831FAD1B510072EBE3 /* Project object */ = {
			isa = PBXProject;
			attributes = {
				LastUpgradeCheck = 0910;
				ORGANIZATIONNAME = QT;
				TargetAttributes = {
					B3BA628A1FAD1B510072EBE3 = {
						CreatedOnToolsVersion = 9.1;
						ProvisioningStyle = Automatic;
					};
				};
			};
			buildConfigurationList = B3BA62861FAD1B510072EBE3 /* Build configuration list for PBXProject "A5" */;
			compatibilityVersion = "Xcode 8.0";
			developmentRegion = en;
			hasScannedForEncodings = 0;
			knownRegions = (
				en,
			);
			mainGroup = B3BA62821FAD1B510072EBE3;
			productRefGroup = B3BA628C1FAD1B510072EBE3 /* Products */;
			projectDirPath = "";
			projectRoot = "";
			targets = (
				B3BA628A1FAD1B510072EBE3 /* A5 */,
			);
		};
/* End PBXProject section */

/* Begin PBXSourcesBuildPhase section */
		B3BA62871FAD1B510072EBE3 /* Sources */ = {
			isa = PBXSourcesBuildPhase;
			buildActionMask = 2147483647;
			files = (
				B3BA62A01FAD2B870072EBE3 /* read.c in Sources */,
				B3BA629E1FAD1C430072EBE3 /* tr2u.c in Sources */,
				B3BA629D1FAD1C430072EBE3 /* tr2b.c in Sources */,
				B3BA62981FAD1B6D0072EBE3 /* sfrob.c in Sources */,
				B3BA62971FAD1B6D0072EBE3 /* sfrobu.c in Sources */,
			);
			runOnlyForDeploymentPostprocessing = 0;
		};
/* End PBXSourcesBuildPhase section */

/* Begin XCBuildConfiguration section */
		B3BA62901FAD1B510072EBE3 /* Debug */ = {
			isa = XCBuildConfiguration;
			buildSettings = {
				ALWAYS_SEARCH_USER_PATHS = NO;
				CLANG_ANALYZER_NONNULL = YES;
				CLANG_ANALYZER_NUMBER_OBJECT_CONVERSION = YES_AGGRESSIVE;
				CLANG_CXX_LANGUAGE_STANDARD = "gnu++14";
				CLANG_CXX_LIBRARY = "libc++";
				CLANG_ENABLE_MODULES = YES;
				CLANG_ENABLE_OBJC_ARC = YES;
				CLANG_WARN_BLOCK_CAPTURE_AUTORELEASING = YES;
				CLANG_WARN_BOOL_CONVERSION = YES;
				CLANG_WARN_COMMA = YES;
				CLANG_WARN_CONSTANT_CONVERSION = YES;
				CLANG_WARN_DIRECT_OBJC_ISA_USAGE = YES_ERROR;
				CLANG_WARN_DOCUMENTATION_COMMENTS = YES;
				CLANG_WARN_EMPTY_BODY = YES;
				CLANG_WARN_ENUM_CONVERSION = YES;
				CLANG_WARN_INFINITE_RECURSION = YES;
				CLANG_WARN_INT_CONVERSION = YES;
				CLANG_WARN_NON_LITERAL_NULL_CONVERSION = YES;
				CLANG_WARN_OBJC_LITERAL_CONVERSION = YES;
				CLANG_WARN_OBJC_ROOT_CLASS = YES_ERROR;
				CLANG_WARN_RANGE_LOOP_ANALYSIS = YES;
				CLANG_WARN_STRICT_PROTOTYPES = YES;
				CLANG_WARN_SUSPICIOUS_MOVE = YES;
				CLANG_WARN_UNGUARDED_AVAILABILITY = YES_AGGRESSIVE;
				CLANG_WARN_UNREACHABLE_CODE = YES;
				CLANG_WARN__DUPLICATE_METHOD_MATCH = YES;
				CODE_SIGN_IDENTITY = "-";
				COPY_PHASE_STRIP = NO;
				DEBUG_INFORMATION_FORMAT = dwarf;
				ENABLE_STRICT_OBJC_MSGSEND = YES;
				ENABLE_TESTABILITY = YES;
				GCC_C_LANGUAGE_STANDARD = gnu11;
				GCC_DYNAMIC_NO_PIC = NO;
				GCC_NO_COMMON_BLOCKS = YES;
				GCC_OPTIMIZATION_LEVEL = 0;
				GCC_PREPROCESSOR_DEFINITIONS = (
					"DEBUG=1",
					"$(inherited)",
				);
				GCC_WARN_64_TO_32_BIT_CONVERSION = YES;
				GCC_WARN_ABOUT_RETURN_TYPE = YES_ERROR;
				GCC_WARN_UNDECLARED_SELECTOR = YES;
				GCC_WARN_UNINITIALIZED_AUTOS = YES_AGGRESSIVE;
				GCC_WARN_UNUSED_FUNCTION = YES;
				GCC_WARN_UNUSED_VARIABLE = YES;
				MACOSX_DEPLOYMENT_TARGET = 10.12;
				MTL_ENABLE_DEBUG_INFO = YES;
				ONLY_ACTIVE_ARCH = YES;
				SDKROOT = macosx;
			};
			name = Debug;
		};
		B3BA62911FAD1B510072EBE3 /* Release */ = {
			isa = XCBuildConfiguration;
			buildSettings = {
				ALWAYS_SEARCH_USER_PATHS = NO;
				CLANG_ANALYZER_NONNULL = YES;
				CLANG_ANALYZER_NUMBER_OBJECT_CONVERSION = YES_AGGRESSIVE;
				CLANG_CXX_LANGUAGE_STANDARD = "gnu++14";
				CLANG_CXX_LIBRARY = "libc++";
				CLANG_ENABLE_MODULES = YES;
				CLANG_ENABLE_OBJC_ARC = YES;
				CLANG_WARN_BLOCK_CAPTURE_AUTORELEASING = YES;
				CLANG_WARN_BOOL_CONVERSION = YES;
				CLANG_WARN_COMMA = YES;
				CLANG_WARN_CONSTANT_CONVERSION = YES;
				CLANG_WARN_DIRECT_OBJC_ISA_USAGE = YES_ERROR;
				CLANG_WARN_DOCUMENTATION_COMMENTS = YES;
				CLANG_WARN_EMPTY_BODY = YES;
				CLANG_WARN_ENUM_CONVERSION = YES;
				CLANG_WARN_INFINITE_RECURSION = YES;
				CLANG_WARN_INT_CONVERSION = YES;
				CLANG_WARN_NON_LITERAL_NULL_CONVERSION = YES;
				CLANG_WARN_OBJC_LITERAL_CONVERSION = YES;
				CLANG_WARN_OBJC_ROOT_CLASS = YES_ERROR;
				CLANG_WARN_RANGE_LOOP_ANALYSIS = YES;
				CLANG_WARN_STRICT_PROTOTYPES = YES;
				CLANG_WARN_SUSPICIOUS_MOVE = YES;
				CLANG_WARN_UNGUARDED_AVAILABILITY = YES_AGGRESSIVE;
				CLANG_WARN_UNREACHABLE_CODE = YES;
				CLANG_WARN__DUPLICATE_METHOD_MATCH = YES;
				CODE_SIGN_IDENTITY = "-";
				COPY_PHASE_STRIP = NO;
				DEBUG_INFORMATION_FORMAT = "dwarf-with-dsym";
				ENABLE_NS_ASSERTIONS = NO;
				ENABLE_STRICT_OBJC_MSGSEND = YES;
				GCC_C_LANGUAGE_STANDARD = gnu11;
				GCC_NO_COMMON_BLOCKS = YES;
				GCC_WARN_64_TO_32_BIT_CONVERSION = YES;
				GCC_WARN_ABOUT_RETURN_TYPE = YES_ERROR;
				GCC_WARN_UNDECLARED_SELECTOR = YES;
				GCC_WARN_UNINITIALIZED_AUTOS = YES_AGGRESSIVE;
				GCC_WARN_UNUSED_FUNCTION = YES;
				GCC_WARN_UNUSED_VARIABLE = YES;
				MACOSX_DEPLOYMENT_TARGET = 10.12;
				MTL_ENABLE_DEBUG_INFO = NO;
				SDKROOT = macosx;
			};
			name = Release;
		};
		B3BA62931FAD1B510072EBE3 /* Debug */ = {
			isa = XCBuildConfiguration;
			buildSettings = {
				CODE_SIGN_STYLE = Automatic;
				PRODUCT_NAME = "$(TARGET_NAME)";
			};
			name = Debug;
		};
		B3BA62941FAD1B510072EBE3 /* Release */ = {
			isa = XCBuildConfiguration;
			buildSettings = {
				CODE_SIGN_STYLE = Automatic;
				PRODUCT_NAME = "$(TARGET_NAME)";
			};
			name = Release;
		};
/* End XCBuildConfiguration section */

/* Begin XCConfigurationList section */
		B3BA62861FAD1B510072EBE3 /* Build configuration list for PBXProject "A5" */ = {
			isa = XCConfigurationList;
			buildConfigurations = (
				B3BA62901FAD1B510072EBE3 /* Debug */,
				B3BA62911FAD1B510072EBE3 /* Release */,
			);
			defaultConfigurationIsVisible = 0;
			defaultConfigurationName = Release;
		};
		B3BA62921FAD1B510072EBE3 /* Build configuration list for PBXNativeTarget "A5" */ = {
			isa = XCConfigurationList;
			buildConfigurations = (
				B3BA62931FAD1B510072EBE3 /* Debug */,
				B3BA62941FAD1B510072EBE3 /* Release */,
			);
			defaultConfigurationIsVisible = 0;
			defaultConfigurationName = Release;
		};
/* End XCConfigurationList section */
	};
	rootObject = B3BA62831FAD1B510072EBE3 /* Project object */;
}
